// !$*UTF8*$!
{
	archiveVersion = 1;
	classes = {
	};
	objectVersion = 55;
	objects = {

/* Begin PBXBuildFile section */
		FA2116DF26DE1E8300DE7BE7 /* ContentSummaryView.swift in Sources */ = {isa = PBXBuildFile; fileRef = FA2116DE26DE1E8300DE7BE7 /* ContentSummaryView.swift */; };
		FA2116E126DE201400DE7BE7 /* PContent.swift in Sources */ = {isa = PBXBuildFile; fileRef = FA2116E026DE201400DE7BE7 /* PContent.swift */; };
		FA2116E226DE205300DE7BE7 /* PContent.swift in Sources */ = {isa = PBXBuildFile; fileRef = FA2116E026DE201400DE7BE7 /* PContent.swift */; };
		FA2116E326DE222400DE7BE7 /* ContentSummaryView.swift in Sources */ = {isa = PBXBuildFile; fileRef = FA2116DE26DE1E8300DE7BE7 /* ContentSummaryView.swift */; };
		FA2116E526DE315C00DE7BE7 /* Reddit.SourceConfig.swift in Sources */ = {isa = PBXBuildFile; fileRef = FA2116E426DE315C00DE7BE7 /* Reddit.SourceConfig.swift */; };
		FA2116E626DE323000DE7BE7 /* Reddit.SourceConfig.swift in Sources */ = {isa = PBXBuildFile; fileRef = FA2116E426DE315C00DE7BE7 /* Reddit.SourceConfig.swift */; };
		FA3A564426D9F44F00F9FE9A /* Assets.xcassets in Resources */ = {isa = PBXBuildFile; fileRef = FA3A563026D9F44E00F9FE9A /* Assets.xcassets */; };
		FA3A564526D9F44F00F9FE9A /* Assets.xcassets in Resources */ = {isa = PBXBuildFile; fileRef = FA3A563026D9F44E00F9FE9A /* Assets.xcassets */; };
		FA3A566026D9F49900F9FE9A /* HTTPLogger.swift in Sources */ = {isa = PBXBuildFile; fileRef = FA3A565326D9F49800F9FE9A /* HTTPLogger.swift */; };
		FA3A566126D9F49900F9FE9A /* HTTPLogger.swift in Sources */ = {isa = PBXBuildFile; fileRef = FA3A565326D9F49800F9FE9A /* HTTPLogger.swift */; };
		FA3A566226D9F49900F9FE9A /* HTTPRequest.swift in Sources */ = {isa = PBXBuildFile; fileRef = FA3A565426D9F49800F9FE9A /* HTTPRequest.swift */; };
		FA3A566326D9F49900F9FE9A /* HTTPRequest.swift in Sources */ = {isa = PBXBuildFile; fileRef = FA3A565426D9F49800F9FE9A /* HTTPRequest.swift */; };
		FA3A566626D9F49900F9FE9A /* HTTPJSONRequest.swift in Sources */ = {isa = PBXBuildFile; fileRef = FA3A565626D9F49800F9FE9A /* HTTPJSONRequest.swift */; };
		FA3A566726D9F49900F9FE9A /* HTTPJSONRequest.swift in Sources */ = {isa = PBXBuildFile; fileRef = FA3A565626D9F49800F9FE9A /* HTTPJSONRequest.swift */; };
		FA3A566826D9F49900F9FE9A /* HTTPStatusError.swift in Sources */ = {isa = PBXBuildFile; fileRef = FA3A565726D9F49900F9FE9A /* HTTPStatusError.swift */; };
		FA3A566926D9F49900F9FE9A /* HTTPStatusError.swift in Sources */ = {isa = PBXBuildFile; fileRef = FA3A565726D9F49900F9FE9A /* HTTPStatusError.swift */; };
		FA3A566A26D9F49900F9FE9A /* HTTPClient.swift in Sources */ = {isa = PBXBuildFile; fileRef = FA3A565826D9F49900F9FE9A /* HTTPClient.swift */; };
		FA3A566B26D9F49900F9FE9A /* HTTPClient.swift in Sources */ = {isa = PBXBuildFile; fileRef = FA3A565826D9F49900F9FE9A /* HTTPClient.swift */; };
		FA3A566C26D9F49900F9FE9A /* HTTPResponseValidator.swift in Sources */ = {isa = PBXBuildFile; fileRef = FA3A565926D9F49900F9FE9A /* HTTPResponseValidator.swift */; };
		FA3A566D26D9F49900F9FE9A /* HTTPResponseValidator.swift in Sources */ = {isa = PBXBuildFile; fileRef = FA3A565926D9F49900F9FE9A /* HTTPResponseValidator.swift */; };
		FA3A567026D9F6E300F9FE9A /* DatabaseService.swift in Sources */ = {isa = PBXBuildFile; fileRef = FA3A566F26D9F6E300F9FE9A /* DatabaseService.swift */; };
		FA3A567126D9F6E300F9FE9A /* DatabaseService.swift in Sources */ = {isa = PBXBuildFile; fileRef = FA3A566F26D9F6E300F9FE9A /* DatabaseService.swift */; };
		FA3A567826D9F80700F9FE9A /* ContentSource.swift in Sources */ = {isa = PBXBuildFile; fileRef = FA3A567726D9F80700F9FE9A /* ContentSource.swift */; };
		FA3A567926D9F80700F9FE9A /* ContentSource.swift in Sources */ = {isa = PBXBuildFile; fileRef = FA3A567726D9F80700F9FE9A /* ContentSource.swift */; };
		FA3A568026D9FA1C00F9FE9A /* MagicApp.swift in Sources */ = {isa = PBXBuildFile; fileRef = FA3A567E26D9FA1C00F9FE9A /* MagicApp.swift */; };
		FA3A568126D9FA1C00F9FE9A /* MagicApp.swift in Sources */ = {isa = PBXBuildFile; fileRef = FA3A567E26D9FA1C00F9FE9A /* MagicApp.swift */; };
		FA3A568226D9FA1C00F9FE9A /* MainAppView.swift in Sources */ = {isa = PBXBuildFile; fileRef = FA3A567F26D9FA1C00F9FE9A /* MainAppView.swift */; };
		FA3A568326D9FA1C00F9FE9A /* MainAppView.swift in Sources */ = {isa = PBXBuildFile; fileRef = FA3A567F26D9FA1C00F9FE9A /* MainAppView.swift */; };
		FA3A568526D9FA3200F9FE9A /* IOC.swift in Sources */ = {isa = PBXBuildFile; fileRef = FA3A568426D9FA3200F9FE9A /* IOC.swift */; };
		FA3A568626D9FA3200F9FE9A /* IOC.swift in Sources */ = {isa = PBXBuildFile; fileRef = FA3A568426D9FA3200F9FE9A /* IOC.swift */; };
		FA3A568A26D9FCD500F9FE9A /* SwinjectAutoregistration in Frameworks */ = {isa = PBXBuildFile; productRef = FA3A568926D9FCD500F9FE9A /* SwinjectAutoregistration */; };
		FA3A568C26D9FCD800F9FE9A /* SwinjectAutoregistration in Frameworks */ = {isa = PBXBuildFile; productRef = FA3A568B26D9FCD800F9FE9A /* SwinjectAutoregistration */; };
		FA3A568E26D9FCF700F9FE9A /* GenericFactory.swift in Sources */ = {isa = PBXBuildFile; fileRef = FA3A568D26D9FCF700F9FE9A /* GenericFactory.swift */; };
		FA3A568F26D9FCF700F9FE9A /* GenericFactory.swift in Sources */ = {isa = PBXBuildFile; fileRef = FA3A568D26D9FCF700F9FE9A /* GenericFactory.swift */; };
		FA3A569226D9FD8300F9FE9A /* AppListView.swift in Sources */ = {isa = PBXBuildFile; fileRef = FA3A569126D9FD8300F9FE9A /* AppListView.swift */; };
		FA3A569326D9FD8300F9FE9A /* AppListView.swift in Sources */ = {isa = PBXBuildFile; fileRef = FA3A569126D9FD8300F9FE9A /* AppListView.swift */; };
		FA3A569526D9FD8C00F9FE9A /* AppListViewModel.swift in Sources */ = {isa = PBXBuildFile; fileRef = FA3A569426D9FD8C00F9FE9A /* AppListViewModel.swift */; };
		FA3A569626D9FD8C00F9FE9A /* AppListViewModel.swift in Sources */ = {isa = PBXBuildFile; fileRef = FA3A569426D9FD8C00F9FE9A /* AppListViewModel.swift */; };
		FA3A56A326D9FFBF00F9FE9A /* SingletonService.swift in Sources */ = {isa = PBXBuildFile; fileRef = FA3A56A226D9FFBF00F9FE9A /* SingletonService.swift */; };
		FA3A56A426D9FFBF00F9FE9A /* SingletonService.swift in Sources */ = {isa = PBXBuildFile; fileRef = FA3A56A226D9FFBF00F9FE9A /* SingletonService.swift */; };
		FA3A56A626DA018F00F9FE9A /* NewSourceView.swift in Sources */ = {isa = PBXBuildFile; fileRef = FA3A56A526DA018F00F9FE9A /* NewSourceView.swift */; };
		FA3A56A726DA018F00F9FE9A /* NewSourceView.swift in Sources */ = {isa = PBXBuildFile; fileRef = FA3A56A526DA018F00F9FE9A /* NewSourceView.swift */; };
		FA3A56A926DA022900F9FE9A /* NewSourceViewModel.swift in Sources */ = {isa = PBXBuildFile; fileRef = FA3A56A826DA022900F9FE9A /* NewSourceViewModel.swift */; };
		FA3A56AA26DA022900F9FE9A /* NewSourceViewModel.swift in Sources */ = {isa = PBXBuildFile; fileRef = FA3A56A826DA022900F9FE9A /* NewSourceViewModel.swift */; };
		FA3A56B626DA112600F9FE9A /* ContentSourceAccess.swift in Sources */ = {isa = PBXBuildFile; fileRef = FA3A56B526DA112600F9FE9A /* ContentSourceAccess.swift */; };
		FA3A56B726DA112600F9FE9A /* ContentSourceAccess.swift in Sources */ = {isa = PBXBuildFile; fileRef = FA3A56B526DA112600F9FE9A /* ContentSourceAccess.swift */; };
		FA3A56B926DA153600F9FE9A /* ErrorService.swift in Sources */ = {isa = PBXBuildFile; fileRef = FA3A56B826DA153600F9FE9A /* ErrorService.swift */; };
		FA3A56BA26DA153600F9FE9A /* ErrorService.swift in Sources */ = {isa = PBXBuildFile; fileRef = FA3A56B826DA153600F9FE9A /* ErrorService.swift */; };
		FA3A56C326DA3D5E00F9FE9A /* WebView.swift in Sources */ = {isa = PBXBuildFile; fileRef = FA3A56C226DA3D5E00F9FE9A /* WebView.swift */; };
		FA3A56C426DA3D5E00F9FE9A /* WebView.swift in Sources */ = {isa = PBXBuildFile; fileRef = FA3A56C226DA3D5E00F9FE9A /* WebView.swift */; };
		FA3BE92926DC386C003A0F94 /* SourceServiceRouter.swift in Sources */ = {isa = PBXBuildFile; fileRef = FA3BE92826DC386C003A0F94 /* SourceServiceRouter.swift */; };
		FA3BE92A26DC386C003A0F94 /* SourceServiceRouter.swift in Sources */ = {isa = PBXBuildFile; fileRef = FA3BE92826DC386C003A0F94 /* SourceServiceRouter.swift */; };
		FA3BE92C26DC3875003A0F94 /* RedditSourceService.swift in Sources */ = {isa = PBXBuildFile; fileRef = FA3BE92B26DC3875003A0F94 /* RedditSourceService.swift */; };
		FA3BE92D26DC3875003A0F94 /* RedditSourceService.swift in Sources */ = {isa = PBXBuildFile; fileRef = FA3BE92B26DC3875003A0F94 /* RedditSourceService.swift */; };
		FA3BE92F26DCCC00003A0F94 /* PSourceService.swift in Sources */ = {isa = PBXBuildFile; fileRef = FA3BE92E26DCCC00003A0F94 /* PSourceService.swift */; };
		FA3BE93026DCCC00003A0F94 /* PSourceService.swift in Sources */ = {isa = PBXBuildFile; fileRef = FA3BE92E26DCCC00003A0F94 /* PSourceService.swift */; };
		FA5F9A4326E0BE4800C8F3B5 /* ContentSourceView.swift in Sources */ = {isa = PBXBuildFile; fileRef = FA5F9A4126E0BE4800C8F3B5 /* ContentSourceView.swift */; };
		FA5F9A4426E0BE4800C8F3B5 /* ContentSourceView.swift in Sources */ = {isa = PBXBuildFile; fileRef = FA5F9A4126E0BE4800C8F3B5 /* ContentSourceView.swift */; };
		FA5F9A4526E0BE4800C8F3B5 /* ContentSourceViewModel.swift in Sources */ = {isa = PBXBuildFile; fileRef = FA5F9A4226E0BE4800C8F3B5 /* ContentSourceViewModel.swift */; };
		FA5F9A4626E0BE4800C8F3B5 /* ContentSourceViewModel.swift in Sources */ = {isa = PBXBuildFile; fileRef = FA5F9A4226E0BE4800C8F3B5 /* ContentSourceViewModel.swift */; };
		FA5F9A4826E0BEB100C8F3B5 /* ContentDetailView.swift in Sources */ = {isa = PBXBuildFile; fileRef = FA5F9A4726E0BEB100C8F3B5 /* ContentDetailView.swift */; };
		FA5F9A4926E0BEB100C8F3B5 /* ContentDetailView.swift in Sources */ = {isa = PBXBuildFile; fileRef = FA5F9A4726E0BEB100C8F3B5 /* ContentDetailView.swift */; };
		FA5F9A4B26E0BEDD00C8F3B5 /* ContentDetailViewModel.swift in Sources */ = {isa = PBXBuildFile; fileRef = FA5F9A4A26E0BEDD00C8F3B5 /* ContentDetailViewModel.swift */; };
		FA5F9A4C26E0BEDD00C8F3B5 /* ContentDetailViewModel.swift in Sources */ = {isa = PBXBuildFile; fileRef = FA5F9A4A26E0BEDD00C8F3B5 /* ContentDetailViewModel.swift */; };
		FA5F9A4E26E0D8AB00C8F3B5 /* ListRowStyle.swift in Sources */ = {isa = PBXBuildFile; fileRef = FA5F9A4D26E0D8AB00C8F3B5 /* ListRowStyle.swift */; };
		FA5F9A4F26E0D8AB00C8F3B5 /* ListRowStyle.swift in Sources */ = {isa = PBXBuildFile; fileRef = FA5F9A4D26E0D8AB00C8F3B5 /* ListRowStyle.swift */; };
		FA8CA8EB26E1794600BAF427 /* EditProjectView.swift in Sources */ = {isa = PBXBuildFile; fileRef = FA8CA8EA26E1794600BAF427 /* EditProjectView.swift */; };
		FA8CA8EC26E1794600BAF427 /* EditProjectView.swift in Sources */ = {isa = PBXBuildFile; fileRef = FA8CA8EA26E1794600BAF427 /* EditProjectView.swift */; };
		FA8CA8EE26E1795600BAF427 /* EditProjectViewModel.swift in Sources */ = {isa = PBXBuildFile; fileRef = FA8CA8ED26E1795600BAF427 /* EditProjectViewModel.swift */; };
		FA8CA8EF26E1795600BAF427 /* EditProjectViewModel.swift in Sources */ = {isa = PBXBuildFile; fileRef = FA8CA8ED26E1795600BAF427 /* EditProjectViewModel.swift */; };
		FA8CA8F126E179E900BAF427 /* Project.swift in Sources */ = {isa = PBXBuildFile; fileRef = FA8CA8F026E179E900BAF427 /* Project.swift */; };
		FA8CA8F226E179E900BAF427 /* Project.swift in Sources */ = {isa = PBXBuildFile; fileRef = FA8CA8F026E179E900BAF427 /* Project.swift */; };
		FAEE44DD26DB22E600FCF0AC /* Magic.xcdatamodeld in Sources */ = {isa = PBXBuildFile; fileRef = FAEE44DB26DB22E600FCF0AC /* Magic.xcdatamodeld */; };
		FAEE44DE26DB22E600FCF0AC /* Magic.xcdatamodeld in Sources */ = {isa = PBXBuildFile; fileRef = FAEE44DB26DB22E600FCF0AC /* Magic.xcdatamodeld */; };
		FAEE44E926DB2CDE00FCF0AC /* Reddit.Endpoints.swift in Sources */ = {isa = PBXBuildFile; fileRef = FAEE44E826DB2CDE00FCF0AC /* Reddit.Endpoints.swift */; };
		FAEE44EA26DB2CDE00FCF0AC /* Reddit.Endpoints.swift in Sources */ = {isa = PBXBuildFile; fileRef = FAEE44E826DB2CDE00FCF0AC /* Reddit.Endpoints.swift */; };
		FAEE44EC26DB2E8600FCF0AC /* MagicClient.swift in Sources */ = {isa = PBXBuildFile; fileRef = FAEE44EB26DB2E8600FCF0AC /* MagicClient.swift */; };
		FAEE44ED26DB2E8600FCF0AC /* MagicClient.swift in Sources */ = {isa = PBXBuildFile; fileRef = FAEE44EB26DB2E8600FCF0AC /* MagicClient.swift */; };
		FAEE44F326DB3CA700FCF0AC /* DeeplinkService.swift in Sources */ = {isa = PBXBuildFile; fileRef = FAEE44F226DB3CA700FCF0AC /* DeeplinkService.swift */; };
		FAEE44F426DB3CA700FCF0AC /* DeeplinkService.swift in Sources */ = {isa = PBXBuildFile; fileRef = FAEE44F226DB3CA700FCF0AC /* DeeplinkService.swift */; };
		FAEE44F826DB735800FCF0AC /* RedditSecrets.swift in Sources */ = {isa = PBXBuildFile; fileRef = FAEE44F726DB735800FCF0AC /* RedditSecrets.swift */; };
		FAEE44F926DB735800FCF0AC /* RedditSecrets.swift in Sources */ = {isa = PBXBuildFile; fileRef = FAEE44F726DB735800FCF0AC /* RedditSecrets.swift */; };
		FAEE44FB26DB746900FCF0AC /* Reddit.swift in Sources */ = {isa = PBXBuildFile; fileRef = FAEE44FA26DB746900FCF0AC /* Reddit.swift */; };
		FAEE44FC26DB746900FCF0AC /* Reddit.swift in Sources */ = {isa = PBXBuildFile; fileRef = FAEE44FA26DB746900FCF0AC /* Reddit.swift */; };
		FAEE44FE26DB748400FCF0AC /* Reddit.ListingResponse.swift in Sources */ = {isa = PBXBuildFile; fileRef = FAEE44FD26DB748400FCF0AC /* Reddit.ListingResponse.swift */; };
		FAEE44FF26DB748400FCF0AC /* Reddit.ListingResponse.swift in Sources */ = {isa = PBXBuildFile; fileRef = FAEE44FD26DB748400FCF0AC /* Reddit.ListingResponse.swift */; };
		FAEE450126DB74BF00FCF0AC /* Reddit.Listing.swift in Sources */ = {isa = PBXBuildFile; fileRef = FAEE450026DB74BF00FCF0AC /* Reddit.Listing.swift */; };
		FAEE450226DB74BF00FCF0AC /* Reddit.Listing.swift in Sources */ = {isa = PBXBuildFile; fileRef = FAEE450026DB74BF00FCF0AC /* Reddit.Listing.swift */; };
		FAEE450526DB7B6400FCF0AC /* ContentItem.swift in Sources */ = {isa = PBXBuildFile; fileRef = FAEE450426DB7B6400FCF0AC /* ContentItem.swift */; };
		FAEE450626DB7B6400FCF0AC /* ContentItem.swift in Sources */ = {isa = PBXBuildFile; fileRef = FAEE450426DB7B6400FCF0AC /* ContentItem.swift */; };
		FAEE450826DB7CC000FCF0AC /* ContentEntity.swift in Sources */ = {isa = PBXBuildFile; fileRef = FAEE450726DB7CC000FCF0AC /* ContentEntity.swift */; };
		FAEE450926DB7CC000FCF0AC /* ContentEntity.swift in Sources */ = {isa = PBXBuildFile; fileRef = FAEE450726DB7CC000FCF0AC /* ContentEntity.swift */; };
		FAEE450B26DB7DAC00FCF0AC /* ContentAccess.swift in Sources */ = {isa = PBXBuildFile; fileRef = FAEE450A26DB7DAC00FCF0AC /* ContentAccess.swift */; };
		FAEE450C26DB7DAC00FCF0AC /* ContentAccess.swift in Sources */ = {isa = PBXBuildFile; fileRef = FAEE450A26DB7DAC00FCF0AC /* ContentAccess.swift */; };
		FAEE450E26DB7F0200FCF0AC /* Reddit.AuthResponse.swift in Sources */ = {isa = PBXBuildFile; fileRef = FAEE450D26DB7F0200FCF0AC /* Reddit.AuthResponse.swift */; };
		FAEE450F26DB7F0200FCF0AC /* Reddit.AuthResponse.swift in Sources */ = {isa = PBXBuildFile; fileRef = FAEE450D26DB7F0200FCF0AC /* Reddit.AuthResponse.swift */; };
		FAFB037726DF7C7700AEE99B /* Label.swift in Sources */ = {isa = PBXBuildFile; fileRef = FAFB037626DF7C7700AEE99B /* Label.swift */; };
		FAFB037826DF7C7700AEE99B /* Label.swift in Sources */ = {isa = PBXBuildFile; fileRef = FAFB037626DF7C7700AEE99B /* Label.swift */; };
		FAFB037A26DF7F2D00AEE99B /* LabelAccess.swift in Sources */ = {isa = PBXBuildFile; fileRef = FAFB037926DF7F2D00AEE99B /* LabelAccess.swift */; };
		FAFB037B26DF7F2D00AEE99B /* LabelAccess.swift in Sources */ = {isa = PBXBuildFile; fileRef = FAFB037926DF7F2D00AEE99B /* LabelAccess.swift */; };
		FAFB038A26DF88C300AEE99B /* Publisher+Extension.swift in Sources */ = {isa = PBXBuildFile; fileRef = FAFB038126DF88C300AEE99B /* Publisher+Extension.swift */; };
		FAFB038B26DF88C300AEE99B /* Publisher+Extension.swift in Sources */ = {isa = PBXBuildFile; fileRef = FAFB038126DF88C300AEE99B /* Publisher+Extension.swift */; };
		FAFB038C26DF88C300AEE99B /* FetchedResultsControllerPublisher.swift in Sources */ = {isa = PBXBuildFile; fileRef = FAFB038326DF88C300AEE99B /* FetchedResultsControllerPublisher.swift */; };
		FAFB038D26DF88C300AEE99B /* FetchedResultsControllerPublisher.swift in Sources */ = {isa = PBXBuildFile; fileRef = FAFB038326DF88C300AEE99B /* FetchedResultsControllerPublisher.swift */; };
		FAFB038E26DF88C300AEE99B /* ManagedObjectChangePublisher.swift in Sources */ = {isa = PBXBuildFile; fileRef = FAFB038426DF88C300AEE99B /* ManagedObjectChangePublisher.swift */; };
		FAFB038F26DF88C300AEE99B /* ManagedObjectChangePublisher.swift in Sources */ = {isa = PBXBuildFile; fileRef = FAFB038426DF88C300AEE99B /* ManagedObjectChangePublisher.swift */; };
		FAFB039026DF88C300AEE99B /* NavigationLazyView.swift in Sources */ = {isa = PBXBuildFile; fileRef = FAFB038726DF88C300AEE99B /* NavigationLazyView.swift */; };
		FAFB039126DF88C300AEE99B /* NavigationLazyView.swift in Sources */ = {isa = PBXBuildFile; fileRef = FAFB038726DF88C300AEE99B /* NavigationLazyView.swift */; };
		FAFB039226DF88C300AEE99B /* StatefulPreviewWrapper.swift in Sources */ = {isa = PBXBuildFile; fileRef = FAFB038926DF88C300AEE99B /* StatefulPreviewWrapper.swift */; };
		FAFB039326DF88C300AEE99B /* StatefulPreviewWrapper.swift in Sources */ = {isa = PBXBuildFile; fileRef = FAFB038926DF88C300AEE99B /* StatefulPreviewWrapper.swift */; };
/* End PBXBuildFile section */

/* Begin PBXFileReference section */
		FA2116DE26DE1E8300DE7BE7 /* ContentSummaryView.swift */ = {isa = PBXFileReference; lastKnownFileType = sourcecode.swift; path = ContentSummaryView.swift; sourceTree = "<group>"; };
		FA2116E026DE201400DE7BE7 /* PContent.swift */ = {isa = PBXFileReference; lastKnownFileType = sourcecode.swift; path = PContent.swift; sourceTree = "<group>"; };
		FA2116E426DE315C00DE7BE7 /* Reddit.SourceConfig.swift */ = {isa = PBXFileReference; lastKnownFileType = sourcecode.swift; path = Reddit.SourceConfig.swift; sourceTree = "<group>"; };
		FA3A563026D9F44E00F9FE9A /* Assets.xcassets */ = {isa = PBXFileReference; lastKnownFileType = folder.assetcatalog; path = Assets.xcassets; sourceTree = "<group>"; };
		FA3A563526D9F44E00F9FE9A /* Magic.app */ = {isa = PBXFileReference; explicitFileType = wrapper.application; includeInIndex = 0; path = Magic.app; sourceTree = BUILT_PRODUCTS_DIR; };
		FA3A563B26D9F44F00F9FE9A /* Magic.app */ = {isa = PBXFileReference; explicitFileType = wrapper.application; includeInIndex = 0; path = Magic.app; sourceTree = BUILT_PRODUCTS_DIR; };
		FA3A565326D9F49800F9FE9A /* HTTPLogger.swift */ = {isa = PBXFileReference; fileEncoding = 4; lastKnownFileType = sourcecode.swift; path = HTTPLogger.swift; sourceTree = "<group>"; };
		FA3A565426D9F49800F9FE9A /* HTTPRequest.swift */ = {isa = PBXFileReference; fileEncoding = 4; lastKnownFileType = sourcecode.swift; path = HTTPRequest.swift; sourceTree = "<group>"; };
		FA3A565626D9F49800F9FE9A /* HTTPJSONRequest.swift */ = {isa = PBXFileReference; fileEncoding = 4; lastKnownFileType = sourcecode.swift; path = HTTPJSONRequest.swift; sourceTree = "<group>"; };
		FA3A565726D9F49900F9FE9A /* HTTPStatusError.swift */ = {isa = PBXFileReference; fileEncoding = 4; lastKnownFileType = sourcecode.swift; path = HTTPStatusError.swift; sourceTree = "<group>"; };
		FA3A565826D9F49900F9FE9A /* HTTPClient.swift */ = {isa = PBXFileReference; fileEncoding = 4; lastKnownFileType = sourcecode.swift; path = HTTPClient.swift; sourceTree = "<group>"; };
		FA3A565926D9F49900F9FE9A /* HTTPResponseValidator.swift */ = {isa = PBXFileReference; fileEncoding = 4; lastKnownFileType = sourcecode.swift; path = HTTPResponseValidator.swift; sourceTree = "<group>"; };
		FA3A566F26D9F6E300F9FE9A /* DatabaseService.swift */ = {isa = PBXFileReference; lastKnownFileType = sourcecode.swift; path = DatabaseService.swift; sourceTree = "<group>"; };
		FA3A567726D9F80700F9FE9A /* ContentSource.swift */ = {isa = PBXFileReference; lastKnownFileType = sourcecode.swift; path = ContentSource.swift; sourceTree = "<group>"; };
		FA3A567E26D9FA1C00F9FE9A /* MagicApp.swift */ = {isa = PBXFileReference; fileEncoding = 4; lastKnownFileType = sourcecode.swift; path = MagicApp.swift; sourceTree = "<group>"; };
		FA3A567F26D9FA1C00F9FE9A /* MainAppView.swift */ = {isa = PBXFileReference; fileEncoding = 4; lastKnownFileType = sourcecode.swift; path = MainAppView.swift; sourceTree = "<group>"; };
		FA3A568426D9FA3200F9FE9A /* IOC.swift */ = {isa = PBXFileReference; lastKnownFileType = sourcecode.swift; path = IOC.swift; sourceTree = "<group>"; };
		FA3A568D26D9FCF700F9FE9A /* GenericFactory.swift */ = {isa = PBXFileReference; fileEncoding = 4; lastKnownFileType = sourcecode.swift; path = GenericFactory.swift; sourceTree = "<group>"; };
		FA3A569126D9FD8300F9FE9A /* AppListView.swift */ = {isa = PBXFileReference; lastKnownFileType = sourcecode.swift; path = AppListView.swift; sourceTree = "<group>"; };
		FA3A569426D9FD8C00F9FE9A /* AppListViewModel.swift */ = {isa = PBXFileReference; lastKnownFileType = sourcecode.swift; path = AppListViewModel.swift; sourceTree = "<group>"; };
		FA3A56A226D9FFBF00F9FE9A /* SingletonService.swift */ = {isa = PBXFileReference; fileEncoding = 4; lastKnownFileType = sourcecode.swift; path = SingletonService.swift; sourceTree = "<group>"; };
		FA3A56A526DA018F00F9FE9A /* NewSourceView.swift */ = {isa = PBXFileReference; lastKnownFileType = sourcecode.swift; path = NewSourceView.swift; sourceTree = "<group>"; };
		FA3A56A826DA022900F9FE9A /* NewSourceViewModel.swift */ = {isa = PBXFileReference; lastKnownFileType = sourcecode.swift; path = NewSourceViewModel.swift; sourceTree = "<group>"; };
		FA3A56B526DA112600F9FE9A /* ContentSourceAccess.swift */ = {isa = PBXFileReference; lastKnownFileType = sourcecode.swift; path = ContentSourceAccess.swift; sourceTree = "<group>"; };
		FA3A56B826DA153600F9FE9A /* ErrorService.swift */ = {isa = PBXFileReference; fileEncoding = 4; lastKnownFileType = sourcecode.swift; path = ErrorService.swift; sourceTree = "<group>"; };
		FA3A56C226DA3D5E00F9FE9A /* WebView.swift */ = {isa = PBXFileReference; lastKnownFileType = sourcecode.swift; path = WebView.swift; sourceTree = "<group>"; };
		FA3BE92826DC386C003A0F94 /* SourceServiceRouter.swift */ = {isa = PBXFileReference; lastKnownFileType = sourcecode.swift; path = SourceServiceRouter.swift; sourceTree = "<group>"; };
		FA3BE92B26DC3875003A0F94 /* RedditSourceService.swift */ = {isa = PBXFileReference; lastKnownFileType = sourcecode.swift; path = RedditSourceService.swift; sourceTree = "<group>"; };
		FA3BE92E26DCCC00003A0F94 /* PSourceService.swift */ = {isa = PBXFileReference; lastKnownFileType = sourcecode.swift; path = PSourceService.swift; sourceTree = "<group>"; };
		FA5F9A4126E0BE4800C8F3B5 /* ContentSourceView.swift */ = {isa = PBXFileReference; fileEncoding = 4; lastKnownFileType = sourcecode.swift; path = ContentSourceView.swift; sourceTree = "<group>"; };
		FA5F9A4226E0BE4800C8F3B5 /* ContentSourceViewModel.swift */ = {isa = PBXFileReference; fileEncoding = 4; lastKnownFileType = sourcecode.swift; path = ContentSourceViewModel.swift; sourceTree = "<group>"; };
		FA5F9A4726E0BEB100C8F3B5 /* ContentDetailView.swift */ = {isa = PBXFileReference; lastKnownFileType = sourcecode.swift; path = ContentDetailView.swift; sourceTree = "<group>"; };
		FA5F9A4A26E0BEDD00C8F3B5 /* ContentDetailViewModel.swift */ = {isa = PBXFileReference; lastKnownFileType = sourcecode.swift; path = ContentDetailViewModel.swift; sourceTree = "<group>"; };
		FA5F9A4D26E0D8AB00C8F3B5 /* ListRowStyle.swift */ = {isa = PBXFileReference; lastKnownFileType = sourcecode.swift; path = ListRowStyle.swift; sourceTree = "<group>"; };
		FA8CA8EA26E1794600BAF427 /* EditProjectView.swift */ = {isa = PBXFileReference; lastKnownFileType = sourcecode.swift; path = EditProjectView.swift; sourceTree = "<group>"; };
		FA8CA8ED26E1795600BAF427 /* EditProjectViewModel.swift */ = {isa = PBXFileReference; lastKnownFileType = sourcecode.swift; path = EditProjectViewModel.swift; sourceTree = "<group>"; };
		FA8CA8F026E179E900BAF427 /* Project.swift */ = {isa = PBXFileReference; lastKnownFileType = sourcecode.swift; path = Project.swift; sourceTree = "<group>"; };
		FAEE44DC26DB22E600FCF0AC /* Shared.xcdatamodel */ = {isa = PBXFileReference; lastKnownFileType = wrapper.xcdatamodel; path = Shared.xcdatamodel; sourceTree = "<group>"; };
		FAEE44E826DB2CDE00FCF0AC /* Reddit.Endpoints.swift */ = {isa = PBXFileReference; lastKnownFileType = sourcecode.swift; path = Reddit.Endpoints.swift; sourceTree = "<group>"; };
		FAEE44EB26DB2E8600FCF0AC /* MagicClient.swift */ = {isa = PBXFileReference; lastKnownFileType = sourcecode.swift; path = MagicClient.swift; sourceTree = "<group>"; };
		FAEE44F226DB3CA700FCF0AC /* DeeplinkService.swift */ = {isa = PBXFileReference; lastKnownFileType = sourcecode.swift; path = DeeplinkService.swift; sourceTree = "<group>"; };
		FAEE44F726DB735800FCF0AC /* RedditSecrets.swift */ = {isa = PBXFileReference; fileEncoding = 4; lastKnownFileType = sourcecode.swift; path = RedditSecrets.swift; sourceTree = "<group>"; };
		FAEE44FA26DB746900FCF0AC /* Reddit.swift */ = {isa = PBXFileReference; lastKnownFileType = sourcecode.swift; path = Reddit.swift; sourceTree = "<group>"; };
		FAEE44FD26DB748400FCF0AC /* Reddit.ListingResponse.swift */ = {isa = PBXFileReference; lastKnownFileType = sourcecode.swift; path = Reddit.ListingResponse.swift; sourceTree = "<group>"; };
		FAEE450026DB74BF00FCF0AC /* Reddit.Listing.swift */ = {isa = PBXFileReference; lastKnownFileType = sourcecode.swift; path = Reddit.Listing.swift; sourceTree = "<group>"; };
		FAEE450426DB7B6400FCF0AC /* ContentItem.swift */ = {isa = PBXFileReference; lastKnownFileType = sourcecode.swift; path = ContentItem.swift; sourceTree = "<group>"; };
		FAEE450726DB7CC000FCF0AC /* ContentEntity.swift */ = {isa = PBXFileReference; lastKnownFileType = sourcecode.swift; path = ContentEntity.swift; sourceTree = "<group>"; };
		FAEE450A26DB7DAC00FCF0AC /* ContentAccess.swift */ = {isa = PBXFileReference; lastKnownFileType = sourcecode.swift; path = ContentAccess.swift; sourceTree = "<group>"; };
		FAEE450D26DB7F0200FCF0AC /* Reddit.AuthResponse.swift */ = {isa = PBXFileReference; lastKnownFileType = sourcecode.swift; path = Reddit.AuthResponse.swift; sourceTree = "<group>"; };
		FAEE451126DB83DC00FCF0AC /* Magic.entitlements */ = {isa = PBXFileReference; lastKnownFileType = text.plist.entitlements; path = Magic.entitlements; sourceTree = "<group>"; };
		FAEE451226DB83DC00FCF0AC /* macOS-Info.plist */ = {isa = PBXFileReference; lastKnownFileType = text.plist.xml; path = "macOS-Info.plist"; sourceTree = "<group>"; };
		FAFB037626DF7C7700AEE99B /* Label.swift */ = {isa = PBXFileReference; lastKnownFileType = sourcecode.swift; path = Label.swift; sourceTree = "<group>"; };
		FAFB037926DF7F2D00AEE99B /* LabelAccess.swift */ = {isa = PBXFileReference; lastKnownFileType = sourcecode.swift; path = LabelAccess.swift; sourceTree = "<group>"; };
		FAFB038126DF88C300AEE99B /* Publisher+Extension.swift */ = {isa = PBXFileReference; fileEncoding = 4; lastKnownFileType = sourcecode.swift; path = "Publisher+Extension.swift"; sourceTree = "<group>"; };
		FAFB038326DF88C300AEE99B /* FetchedResultsControllerPublisher.swift */ = {isa = PBXFileReference; fileEncoding = 4; lastKnownFileType = sourcecode.swift; path = FetchedResultsControllerPublisher.swift; sourceTree = "<group>"; };
		FAFB038426DF88C300AEE99B /* ManagedObjectChangePublisher.swift */ = {isa = PBXFileReference; fileEncoding = 4; lastKnownFileType = sourcecode.swift; path = ManagedObjectChangePublisher.swift; sourceTree = "<group>"; };
		FAFB038726DF88C300AEE99B /* NavigationLazyView.swift */ = {isa = PBXFileReference; fileEncoding = 4; lastKnownFileType = sourcecode.swift; path = NavigationLazyView.swift; sourceTree = "<group>"; };
		FAFB038926DF88C300AEE99B /* StatefulPreviewWrapper.swift */ = {isa = PBXFileReference; fileEncoding = 4; lastKnownFileType = sourcecode.swift; path = StatefulPreviewWrapper.swift; sourceTree = "<group>"; };
/* End PBXFileReference section */

/* Begin PBXFrameworksBuildPhase section */
		FA3A563226D9F44E00F9FE9A /* Frameworks */ = {
			isa = PBXFrameworksBuildPhase;
			buildActionMask = 2147483647;
			files = (
				FA3A568C26D9FCD800F9FE9A /* SwinjectAutoregistration in Frameworks */,
			);
			runOnlyForDeploymentPostprocessing = 0;
		};
		FA3A563826D9F44F00F9FE9A /* Frameworks */ = {
			isa = PBXFrameworksBuildPhase;
			buildActionMask = 2147483647;
			files = (
				FA3A568A26D9FCD500F9FE9A /* SwinjectAutoregistration in Frameworks */,
			);
			runOnlyForDeploymentPostprocessing = 0;
		};
/* End PBXFrameworksBuildPhase section */

/* Begin PBXGroup section */
		FA2116DC26DD8B6400DE7BE7 /* Accounts */ = {
			isa = PBXGroup;
			children = (
			);
			path = Accounts;
			sourceTree = "<group>";
		};
		FA2116DD26DE1CDA00DE7BE7 /* Content */ = {
			isa = PBXGroup;
			children = (
				FA2116DE26DE1E8300DE7BE7 /* ContentSummaryView.swift */,
				FA5F9A4126E0BE4800C8F3B5 /* ContentSourceView.swift */,
				FA5F9A4226E0BE4800C8F3B5 /* ContentSourceViewModel.swift */,
				FA5F9A4726E0BEB100C8F3B5 /* ContentDetailView.swift */,
				FA5F9A4A26E0BEDD00C8F3B5 /* ContentDetailViewModel.swift */,
			);
			path = Content;
			sourceTree = "<group>";
		};
		FA3A562526D9F44C00F9FE9A = {
			isa = PBXGroup;
			children = (
				FAEE451026DB83DC00FCF0AC /* Configs */,
				FA3A562A26D9F44C00F9FE9A /* Shared */,
				FA3A563626D9F44E00F9FE9A /* Products */,
				FA3A568826D9FCD500F9FE9A /* Frameworks */,
			);
			sourceTree = "<group>";
		};
		FA3A562A26D9F44C00F9FE9A /* Shared */ = {
			isa = PBXGroup;
			children = (
				FA3A566E26D9F6AD00F9FE9A /* Database */,
				FAFB037F26DF88C300AEE99B /* Infrastructure */,
				FAEE44DF26DB2B6E00FCF0AC /* Model */,
				FA3A564E26D9F49800F9FE9A /* Network */,
				FA3A567C26D9FA1C00F9FE9A /* Scene */,
				FA3A567A26D9F9E700F9FE9A /* Services */,
				FA3A563026D9F44E00F9FE9A /* Assets.xcassets */,
			);
			path = Shared;
			sourceTree = "<group>";
		};
		FA3A563626D9F44E00F9FE9A /* Products */ = {
			isa = PBXGroup;
			children = (
				FA3A563526D9F44E00F9FE9A /* Magic.app */,
				FA3A563B26D9F44F00F9FE9A /* Magic.app */,
			);
			name = Products;
			sourceTree = "<group>";
		};
		FA3A564E26D9F49800F9FE9A /* Network */ = {
			isa = PBXGroup;
			children = (
				FAEE44E726DB2CD500FCF0AC /* Endpoints */,
				FA3A565326D9F49800F9FE9A /* HTTPLogger.swift */,
				FA3A565426D9F49800F9FE9A /* HTTPRequest.swift */,
				FA3A565626D9F49800F9FE9A /* HTTPJSONRequest.swift */,
				FA3A565726D9F49900F9FE9A /* HTTPStatusError.swift */,
				FA3A565826D9F49900F9FE9A /* HTTPClient.swift */,
				FA3A565926D9F49900F9FE9A /* HTTPResponseValidator.swift */,
				FAEE44EB26DB2E8600FCF0AC /* MagicClient.swift */,
			);
			path = Network;
			sourceTree = "<group>";
		};
		FA3A566E26D9F6AD00F9FE9A /* Database */ = {
			isa = PBXGroup;
			children = (
				FA3A567626D9F7FB00F9FE9A /* Entities */,
				FA3A566F26D9F6E300F9FE9A /* DatabaseService.swift */,
				FAEE44DB26DB22E600FCF0AC /* Magic.xcdatamodeld */,
			);
			path = Database;
			sourceTree = "<group>";
		};
		FA3A567626D9F7FB00F9FE9A /* Entities */ = {
			isa = PBXGroup;
			children = (
				FA3A567726D9F80700F9FE9A /* ContentSource.swift */,
				FAEE450726DB7CC000FCF0AC /* ContentEntity.swift */,
				FAFB037626DF7C7700AEE99B /* Label.swift */,
				FA8CA8F026E179E900BAF427 /* Project.swift */,
			);
			path = Entities;
			sourceTree = "<group>";
		};
		FA3A567A26D9F9E700F9FE9A /* Services */ = {
			isa = PBXGroup;
			children = (
				FA3A56B426DA110400F9FE9A /* DataAccess */,
				FA3A567B26D9F9E700F9FE9A /* Root */,
				FA3BE92726DC3844003A0F94 /* Source */,
				FAEE44F226DB3CA700FCF0AC /* DeeplinkService.swift */,
			);
			path = Services;
			sourceTree = "<group>";
		};
		FA3A567B26D9F9E700F9FE9A /* Root */ = {
			isa = PBXGroup;
			children = (
				FA3A56B826DA153600F9FE9A /* ErrorService.swift */,
				FA3A568D26D9FCF700F9FE9A /* GenericFactory.swift */,
				FA3A568426D9FA3200F9FE9A /* IOC.swift */,
				FA3A56A226D9FFBF00F9FE9A /* SingletonService.swift */,
			);
			path = Root;
			sourceTree = "<group>";
		};
		FA3A567C26D9FA1C00F9FE9A /* Scene */ = {
			isa = PBXGroup;
			children = (
				FA2116DC26DD8B6400DE7BE7 /* Accounts */,
				FA2116DD26DE1CDA00DE7BE7 /* Content */,
				FA3A569026D9FD7C00F9FE9A /* Projects */,
				FA3A567D26D9FA1C00F9FE9A /* Root */,
				FA3A56C126DA3D5200F9FE9A /* Web */,
			);
			path = Scene;
			sourceTree = "<group>";
		};
		FA3A567D26D9FA1C00F9FE9A /* Root */ = {
			isa = PBXGroup;
			children = (
				FA3A567E26D9FA1C00F9FE9A /* MagicApp.swift */,
				FA3A567F26D9FA1C00F9FE9A /* MainAppView.swift */,
			);
			path = Root;
			sourceTree = "<group>";
		};
		FA3A568826D9FCD500F9FE9A /* Frameworks */ = {
			isa = PBXGroup;
			children = (
			);
			name = Frameworks;
			sourceTree = "<group>";
		};
		FA3A569026D9FD7C00F9FE9A /* Projects */ = {
			isa = PBXGroup;
			children = (
				FA3A569126D9FD8300F9FE9A /* AppListView.swift */,
				FA3A569426D9FD8C00F9FE9A /* AppListViewModel.swift */,
				FA3A56A526DA018F00F9FE9A /* NewSourceView.swift */,
				FA3A56A826DA022900F9FE9A /* NewSourceViewModel.swift */,
				FA8CA8EA26E1794600BAF427 /* EditProjectView.swift */,
				FA8CA8ED26E1795600BAF427 /* EditProjectViewModel.swift */,
			);
			path = Projects;
			sourceTree = "<group>";
		};
		FA3A56B426DA110400F9FE9A /* DataAccess */ = {
			isa = PBXGroup;
			children = (
				FA3A56B526DA112600F9FE9A /* ContentSourceAccess.swift */,
				FAEE450A26DB7DAC00FCF0AC /* ContentAccess.swift */,
				FAFB037926DF7F2D00AEE99B /* LabelAccess.swift */,
			);
			path = DataAccess;
			sourceTree = "<group>";
		};
		FA3A56C126DA3D5200F9FE9A /* Web */ = {
			isa = PBXGroup;
			children = (
				FA3A56C226DA3D5E00F9FE9A /* WebView.swift */,
			);
			path = Web;
			sourceTree = "<group>";
		};
		FA3BE92726DC3844003A0F94 /* Source */ = {
			isa = PBXGroup;
			children = (
				FA3BE92826DC386C003A0F94 /* SourceServiceRouter.swift */,
				FA3BE92B26DC3875003A0F94 /* RedditSourceService.swift */,
				FA3BE92E26DCCC00003A0F94 /* PSourceService.swift */,
			);
			path = Source;
			sourceTree = "<group>";
		};
		FAEE44DF26DB2B6E00FCF0AC /* Model */ = {
			isa = PBXGroup;
			children = (
				FAEE450326DB7B3C00FCF0AC /* Generic */,
				FAEE44F526DB735800FCF0AC /* Reddit */,
				FAEE44F626DB735800FCF0AC /* Secrets */,
			);
			name = Model;
			path = Shared/Model;
			sourceTree = SOURCE_ROOT;
		};
		FAEE44E726DB2CD500FCF0AC /* Endpoints */ = {
			isa = PBXGroup;
			children = (
				FAEE44E826DB2CDE00FCF0AC /* Reddit.Endpoints.swift */,
			);
			path = Endpoints;
			sourceTree = "<group>";
		};
		FAEE44F526DB735800FCF0AC /* Reddit */ = {
			isa = PBXGroup;
			children = (
				FAEE44FA26DB746900FCF0AC /* Reddit.swift */,
				FAEE44FD26DB748400FCF0AC /* Reddit.ListingResponse.swift */,
				FAEE450026DB74BF00FCF0AC /* Reddit.Listing.swift */,
				FAEE450D26DB7F0200FCF0AC /* Reddit.AuthResponse.swift */,
				FA2116E426DE315C00DE7BE7 /* Reddit.SourceConfig.swift */,
			);
			path = Reddit;
			sourceTree = "<group>";
		};
		FAEE44F626DB735800FCF0AC /* Secrets */ = {
			isa = PBXGroup;
			children = (
				FAEE44F726DB735800FCF0AC /* RedditSecrets.swift */,
			);
			path = Secrets;
			sourceTree = "<group>";
		};
		FAEE450326DB7B3C00FCF0AC /* Generic */ = {
			isa = PBXGroup;
			children = (
				FAEE450426DB7B6400FCF0AC /* ContentItem.swift */,
				FA2116E026DE201400DE7BE7 /* PContent.swift */,
			);
			path = Generic;
			sourceTree = "<group>";
		};
		FAEE451026DB83DC00FCF0AC /* Configs */ = {
			isa = PBXGroup;
			children = (
				FAEE451126DB83DC00FCF0AC /* Magic.entitlements */,
				FAEE451226DB83DC00FCF0AC /* macOS-Info.plist */,
			);
			path = Configs;
			sourceTree = "<group>";
		};
		FAFB037F26DF88C300AEE99B /* Infrastructure */ = {
			isa = PBXGroup;
			children = (
				FAFB038026DF88C300AEE99B /* Combine */,
				FAFB038226DF88C300AEE99B /* CoreData */,
				FAFB039426DF88D600AEE99B /* Foundation */,
				FAFB038526DF88C300AEE99B /* SwiftUI */,
			);
			path = Infrastructure;
			sourceTree = "<group>";
		};
		FAFB038026DF88C300AEE99B /* Combine */ = {
			isa = PBXGroup;
			children = (
				FAFB038126DF88C300AEE99B /* Publisher+Extension.swift */,
			);
			path = Combine;
			sourceTree = "<group>";
		};
		FAFB038226DF88C300AEE99B /* CoreData */ = {
			isa = PBXGroup;
			children = (
				FAFB038326DF88C300AEE99B /* FetchedResultsControllerPublisher.swift */,
				FAFB038426DF88C300AEE99B /* ManagedObjectChangePublisher.swift */,
			);
			path = CoreData;
			sourceTree = "<group>";
		};
		FAFB038526DF88C300AEE99B /* SwiftUI */ = {
			isa = PBXGroup;
			children = (
				FAFB038626DF88C300AEE99B /* View */,
				FAFB038826DF88C300AEE99B /* Previews */,
			);
			path = SwiftUI;
			sourceTree = "<group>";
		};
		FAFB038626DF88C300AEE99B /* View */ = {
			isa = PBXGroup;
			children = (
				FAFB038726DF88C300AEE99B /* NavigationLazyView.swift */,
				FA5F9A4D26E0D8AB00C8F3B5 /* ListRowStyle.swift */,
			);
			path = View;
			sourceTree = "<group>";
		};
		FAFB038826DF88C300AEE99B /* Previews */ = {
			isa = PBXGroup;
			children = (
				FAFB038926DF88C300AEE99B /* StatefulPreviewWrapper.swift */,
			);
			path = Previews;
			sourceTree = "<group>";
		};
		FAFB039426DF88D600AEE99B /* Foundation */ = {
			isa = PBXGroup;
			children = (
			);
			path = Foundation;
			sourceTree = "<group>";
		};
/* End PBXGroup section */

/* Begin PBXNativeTarget section */
		FA3A563426D9F44E00F9FE9A /* Magic (iOS) */ = {
			isa = PBXNativeTarget;
			buildConfigurationList = FA3A564826D9F44F00F9FE9A /* Build configuration list for PBXNativeTarget "Magic (iOS)" */;
			buildPhases = (
				FA3A563126D9F44E00F9FE9A /* Sources */,
				FA3A563226D9F44E00F9FE9A /* Frameworks */,
				FA3A563326D9F44E00F9FE9A /* Resources */,
			);
			buildRules = (
			);
			dependencies = (
			);
			name = "Magic (iOS)";
			packageProductDependencies = (
				FA3A568B26D9FCD800F9FE9A /* SwinjectAutoregistration */,
			);
			productName = "Magic (iOS)";
			productReference = FA3A563526D9F44E00F9FE9A /* Magic.app */;
			productType = "com.apple.product-type.application";
		};
		FA3A563A26D9F44F00F9FE9A /* Magic (macOS) */ = {
			isa = PBXNativeTarget;
			buildConfigurationList = FA3A564B26D9F44F00F9FE9A /* Build configuration list for PBXNativeTarget "Magic (macOS)" */;
			buildPhases = (
				FA3A563726D9F44F00F9FE9A /* Sources */,
				FA3A563826D9F44F00F9FE9A /* Frameworks */,
				FA3A563926D9F44F00F9FE9A /* Resources */,
			);
			buildRules = (
			);
			dependencies = (
			);
			name = "Magic (macOS)";
			packageProductDependencies = (
				FA3A568926D9FCD500F9FE9A /* SwinjectAutoregistration */,
			);
			productName = "Magic (macOS)";
			productReference = FA3A563B26D9F44F00F9FE9A /* Magic.app */;
			productType = "com.apple.product-type.application";
		};
/* End PBXNativeTarget section */

/* Begin PBXProject section */
		FA3A562626D9F44C00F9FE9A /* Project object */ = {
			isa = PBXProject;
			attributes = {
				BuildIndependentTargetsInParallel = 1;
				LastSwiftUpdateCheck = 1300;
				LastUpgradeCheck = 1300;
				TargetAttributes = {
					FA3A563426D9F44E00F9FE9A = {
						CreatedOnToolsVersion = 13.0;
					};
					FA3A563A26D9F44F00F9FE9A = {
						CreatedOnToolsVersion = 13.0;
					};
				};
			};
			buildConfigurationList = FA3A562926D9F44C00F9FE9A /* Build configuration list for PBXProject "Magic" */;
			compatibilityVersion = "Xcode 13.0";
			developmentRegion = en;
			hasScannedForEncodings = 0;
			knownRegions = (
				en,
				Base,
			);
			mainGroup = FA3A562526D9F44C00F9FE9A;
			packageReferences = (
				FA3A568726D9FC6100F9FE9A /* XCRemoteSwiftPackageReference "SwinjectAutoregistration" */,
			);
			productRefGroup = FA3A563626D9F44E00F9FE9A /* Products */;
			projectDirPath = "";
			projectRoot = "";
			targets = (
				FA3A563426D9F44E00F9FE9A /* Magic (iOS) */,
				FA3A563A26D9F44F00F9FE9A /* Magic (macOS) */,
			);
		};
/* End PBXProject section */

/* Begin PBXResourcesBuildPhase section */
		FA3A563326D9F44E00F9FE9A /* Resources */ = {
			isa = PBXResourcesBuildPhase;
			buildActionMask = 2147483647;
			files = (
				FA3A564426D9F44F00F9FE9A /* Assets.xcassets in Resources */,
			);
			runOnlyForDeploymentPostprocessing = 0;
		};
		FA3A563926D9F44F00F9FE9A /* Resources */ = {
			isa = PBXResourcesBuildPhase;
			buildActionMask = 2147483647;
			files = (
				FA3A564526D9F44F00F9FE9A /* Assets.xcassets in Resources */,
			);
			runOnlyForDeploymentPostprocessing = 0;
		};
/* End PBXResourcesBuildPhase section */

/* Begin PBXSourcesBuildPhase section */
		FA3A563126D9F44E00F9FE9A /* Sources */ = {
			isa = PBXSourcesBuildPhase;
			buildActionMask = 2147483647;
			files = (
				FA5F9A4526E0BE4800C8F3B5 /* ContentSourceViewModel.swift in Sources */,
				FA3BE92926DC386C003A0F94 /* SourceServiceRouter.swift in Sources */,
				FA3BE92F26DCCC00003A0F94 /* PSourceService.swift in Sources */,
				FA3A566626D9F49900F9FE9A /* HTTPJSONRequest.swift in Sources */,
				FA5F9A4326E0BE4800C8F3B5 /* ContentSourceView.swift in Sources */,
				FAEE450E26DB7F0200FCF0AC /* Reddit.AuthResponse.swift in Sources */,
				FA3A568226D9FA1C00F9FE9A /* MainAppView.swift in Sources */,
				FAEE450826DB7CC000FCF0AC /* ContentEntity.swift in Sources */,
				FAEE44F826DB735800FCF0AC /* RedditSecrets.swift in Sources */,
				FA3A566A26D9F49900F9FE9A /* HTTPClient.swift in Sources */,
				FA3A566826D9F49900F9FE9A /* HTTPStatusError.swift in Sources */,
				FAFB038C26DF88C300AEE99B /* FetchedResultsControllerPublisher.swift in Sources */,
				FA3A569526D9FD8C00F9FE9A /* AppListViewModel.swift in Sources */,
				FA3A56A926DA022900F9FE9A /* NewSourceViewModel.swift in Sources */,
				FAFB038E26DF88C300AEE99B /* ManagedObjectChangePublisher.swift in Sources */,
				FAEE44E926DB2CDE00FCF0AC /* Reddit.Endpoints.swift in Sources */,
				FA5F9A4B26E0BEDD00C8F3B5 /* ContentDetailViewModel.swift in Sources */,
				FA3A56B626DA112600F9FE9A /* ContentSourceAccess.swift in Sources */,
				FAFB038A26DF88C300AEE99B /* Publisher+Extension.swift in Sources */,
				FA3A566026D9F49900F9FE9A /* HTTPLogger.swift in Sources */,
				FA3A56B926DA153600F9FE9A /* ErrorService.swift in Sources */,
				FA3BE92C26DC3875003A0F94 /* RedditSourceService.swift in Sources */,
				FAEE44FE26DB748400FCF0AC /* Reddit.ListingResponse.swift in Sources */,
				FA3A56A626DA018F00F9FE9A /* NewSourceView.swift in Sources */,
				FAEE44F326DB3CA700FCF0AC /* DeeplinkService.swift in Sources */,
				FA3A56A326D9FFBF00F9FE9A /* SingletonService.swift in Sources */,
				FA3A569226D9FD8300F9FE9A /* AppListView.swift in Sources */,
				FAEE450526DB7B6400FCF0AC /* ContentItem.swift in Sources */,
				FA8CA8F126E179E900BAF427 /* Project.swift in Sources */,
				FA3A568026D9FA1C00F9FE9A /* MagicApp.swift in Sources */,
				FA3A568526D9FA3200F9FE9A /* IOC.swift in Sources */,
				FA2116E526DE315C00DE7BE7 /* Reddit.SourceConfig.swift in Sources */,
				FAEE44EC26DB2E8600FCF0AC /* MagicClient.swift in Sources */,
				FA3A566226D9F49900F9FE9A /* HTTPRequest.swift in Sources */,
				FA2116E126DE201400DE7BE7 /* PContent.swift in Sources */,
				FA8CA8EE26E1795600BAF427 /* EditProjectViewModel.swift in Sources */,
				FAFB039226DF88C300AEE99B /* StatefulPreviewWrapper.swift in Sources */,
				FA2116DF26DE1E8300DE7BE7 /* ContentSummaryView.swift in Sources */,
				FA3A568E26D9FCF700F9FE9A /* GenericFactory.swift in Sources */,
				FAFB037A26DF7F2D00AEE99B /* LabelAccess.swift in Sources */,
				FA3A566C26D9F49900F9FE9A /* HTTPResponseValidator.swift in Sources */,
				FAFB037726DF7C7700AEE99B /* Label.swift in Sources */,
				FAEE450126DB74BF00FCF0AC /* Reddit.Listing.swift in Sources */,
				FAFB039026DF88C300AEE99B /* NavigationLazyView.swift in Sources */,
				FAEE44DD26DB22E600FCF0AC /* Magic.xcdatamodeld in Sources */,
				FA3A567026D9F6E300F9FE9A /* DatabaseService.swift in Sources */,
				FA8CA8EB26E1794600BAF427 /* EditProjectView.swift in Sources */,
				FA5F9A4E26E0D8AB00C8F3B5 /* ListRowStyle.swift in Sources */,
				FA5F9A4826E0BEB100C8F3B5 /* ContentDetailView.swift in Sources */,
				FAEE44FB26DB746900FCF0AC /* Reddit.swift in Sources */,
				FA3A56C326DA3D5E00F9FE9A /* WebView.swift in Sources */,
				FA3A567826D9F80700F9FE9A /* ContentSource.swift in Sources */,
				FAEE450B26DB7DAC00FCF0AC /* ContentAccess.swift in Sources */,
			);
			runOnlyForDeploymentPostprocessing = 0;
		};
		FA3A563726D9F44F00F9FE9A /* Sources */ = {
			isa = PBXSourcesBuildPhase;
			buildActionMask = 2147483647;
			files = (
				FA5F9A4626E0BE4800C8F3B5 /* ContentSourceViewModel.swift in Sources */,
				FA3BE92A26DC386C003A0F94 /* SourceServiceRouter.swift in Sources */,
				FA3BE93026DCCC00003A0F94 /* PSourceService.swift in Sources */,
				FA3A566726D9F49900F9FE9A /* HTTPJSONRequest.swift in Sources */,
				FA5F9A4426E0BE4800C8F3B5 /* ContentSourceView.swift in Sources */,
				FA2116E326DE222400DE7BE7 /* ContentSummaryView.swift in Sources */,
				FAEE450F26DB7F0200FCF0AC /* Reddit.AuthResponse.swift in Sources */,
				FA3A568326D9FA1C00F9FE9A /* MainAppView.swift in Sources */,
				FAEE450926DB7CC000FCF0AC /* ContentEntity.swift in Sources */,
				FAEE44F926DB735800FCF0AC /* RedditSecrets.swift in Sources */,
				FA2116E226DE205300DE7BE7 /* PContent.swift in Sources */,
				FAFB038D26DF88C300AEE99B /* FetchedResultsControllerPublisher.swift in Sources */,
				FA3A566B26D9F49900F9FE9A /* HTTPClient.swift in Sources */,
				FA3A566926D9F49900F9FE9A /* HTTPStatusError.swift in Sources */,
				FAFB038F26DF88C300AEE99B /* ManagedObjectChangePublisher.swift in Sources */,
				FA3A569626D9FD8C00F9FE9A /* AppListViewModel.swift in Sources */,
				FA5F9A4C26E0BEDD00C8F3B5 /* ContentDetailViewModel.swift in Sources */,
				FA3A56AA26DA022900F9FE9A /* NewSourceViewModel.swift in Sources */,
				FAFB038B26DF88C300AEE99B /* Publisher+Extension.swift in Sources */,
				FAEE44EA26DB2CDE00FCF0AC /* Reddit.Endpoints.swift in Sources */,
				FA3A56B726DA112600F9FE9A /* ContentSourceAccess.swift in Sources */,
				FA3A566126D9F49900F9FE9A /* HTTPLogger.swift in Sources */,
				FA3A56BA26DA153600F9FE9A /* ErrorService.swift in Sources */,
				FA3BE92D26DC3875003A0F94 /* RedditSourceService.swift in Sources */,
				FAEE44FF26DB748400FCF0AC /* Reddit.ListingResponse.swift in Sources */,
				FA3A56A726DA018F00F9FE9A /* NewSourceView.swift in Sources */,
				FAEE44F426DB3CA700FCF0AC /* DeeplinkService.swift in Sources */,
				FA3A56A426D9FFBF00F9FE9A /* SingletonService.swift in Sources */,
				FA8CA8F226E179E900BAF427 /* Project.swift in Sources */,
				FA3A569326D9FD8300F9FE9A /* AppListView.swift in Sources */,
				FAEE450626DB7B6400FCF0AC /* ContentItem.swift in Sources */,
				FA2116E626DE323000DE7BE7 /* Reddit.SourceConfig.swift in Sources */,
				FA3A568126D9FA1C00F9FE9A /* MagicApp.swift in Sources */,
				FA3A568626D9FA3200F9FE9A /* IOC.swift in Sources */,
				FAEE44ED26DB2E8600FCF0AC /* MagicClient.swift in Sources */,
				FA8CA8EF26E1795600BAF427 /* EditProjectViewModel.swift in Sources */,
				FA3A566326D9F49900F9FE9A /* HTTPRequest.swift in Sources */,
				FAFB039326DF88C300AEE99B /* StatefulPreviewWrapper.swift in Sources */,
				FA3A568F26D9FCF700F9FE9A /* GenericFactory.swift in Sources */,
				FAFB037B26DF7F2D00AEE99B /* LabelAccess.swift in Sources */,
				FA3A566D26D9F49900F9FE9A /* HTTPResponseValidator.swift in Sources */,
				FAFB037826DF7C7700AEE99B /* Label.swift in Sources */,
				FAEE450226DB74BF00FCF0AC /* Reddit.Listing.swift in Sources */,
				FAFB039126DF88C300AEE99B /* NavigationLazyView.swift in Sources */,
				FAEE44DE26DB22E600FCF0AC /* Magic.xcdatamodeld in Sources */,
				FA3A567126D9F6E300F9FE9A /* DatabaseService.swift in Sources */,
				FA8CA8EC26E1794600BAF427 /* EditProjectView.swift in Sources */,
				FA5F9A4F26E0D8AB00C8F3B5 /* ListRowStyle.swift in Sources */,
				FA5F9A4926E0BEB100C8F3B5 /* ContentDetailView.swift in Sources */,
				FAEE44FC26DB746900FCF0AC /* Reddit.swift in Sources */,
				FA3A56C426DA3D5E00F9FE9A /* WebView.swift in Sources */,
				FA3A567926D9F80700F9FE9A /* ContentSource.swift in Sources */,
				FAEE450C26DB7DAC00FCF0AC /* ContentAccess.swift in Sources */,
			);
			runOnlyForDeploymentPostprocessing = 0;
		};
/* End PBXSourcesBuildPhase section */

/* Begin XCBuildConfiguration section */
		FA3A564626D9F44F00F9FE9A /* Debug */ = {
			isa = XCBuildConfiguration;
			buildSettings = {
				ALWAYS_SEARCH_USER_PATHS = NO;
				CLANG_ANALYZER_NONNULL = YES;
				CLANG_ANALYZER_NUMBER_OBJECT_CONVERSION = YES_AGGRESSIVE;
				CLANG_CXX_LANGUAGE_STANDARD = "gnu++14";
				CLANG_CXX_LIBRARY = "libc++";
				CLANG_ENABLE_MODULES = YES;
				CLANG_ENABLE_OBJC_ARC = YES;
				CLANG_ENABLE_OBJC_WEAK = YES;
				CLANG_WARN_BLOCK_CAPTURE_AUTORELEASING = YES;
				CLANG_WARN_BOOL_CONVERSION = YES;
				CLANG_WARN_COMMA = YES;
				CLANG_WARN_CONSTANT_CONVERSION = YES;
				CLANG_WARN_DEPRECATED_OBJC_IMPLEMENTATIONS = YES;
				CLANG_WARN_DIRECT_OBJC_ISA_USAGE = YES_ERROR;
				CLANG_WARN_DOCUMENTATION_COMMENTS = YES;
				CLANG_WARN_EMPTY_BODY = YES;
				CLANG_WARN_ENUM_CONVERSION = YES;
				CLANG_WARN_INFINITE_RECURSION = YES;
				CLANG_WARN_INT_CONVERSION = YES;
				CLANG_WARN_NON_LITERAL_NULL_CONVERSION = YES;
				CLANG_WARN_OBJC_IMPLICIT_RETAIN_SELF = YES;
				CLANG_WARN_OBJC_LITERAL_CONVERSION = YES;
				CLANG_WARN_OBJC_ROOT_CLASS = YES_ERROR;
				CLANG_WARN_QUOTED_INCLUDE_IN_FRAMEWORK_HEADER = YES;
				CLANG_WARN_RANGE_LOOP_ANALYSIS = YES;
				CLANG_WARN_STRICT_PROTOTYPES = YES;
				CLANG_WARN_SUSPICIOUS_MOVE = YES;
				CLANG_WARN_UNGUARDED_AVAILABILITY = YES_AGGRESSIVE;
				CLANG_WARN_UNREACHABLE_CODE = YES;
				CLANG_WARN__DUPLICATE_METHOD_MATCH = YES;
				COPY_PHASE_STRIP = NO;
				DEBUG_INFORMATION_FORMAT = dwarf;
				ENABLE_STRICT_OBJC_MSGSEND = YES;
				ENABLE_TESTABILITY = YES;
				GCC_C_LANGUAGE_STANDARD = gnu11;
				GCC_DYNAMIC_NO_PIC = NO;
				GCC_NO_COMMON_BLOCKS = YES;
				GCC_OPTIMIZATION_LEVEL = 0;
				GCC_PREPROCESSOR_DEFINITIONS = (
					"DEBUG=1",
					"$(inherited)",
				);
				GCC_WARN_64_TO_32_BIT_CONVERSION = YES;
				GCC_WARN_ABOUT_RETURN_TYPE = YES_ERROR;
				GCC_WARN_UNDECLARED_SELECTOR = YES;
				GCC_WARN_UNINITIALIZED_AUTOS = YES_AGGRESSIVE;
				GCC_WARN_UNUSED_FUNCTION = YES;
				GCC_WARN_UNUSED_VARIABLE = YES;
				MTL_ENABLE_DEBUG_INFO = INCLUDE_SOURCE;
				MTL_FAST_MATH = YES;
				ONLY_ACTIVE_ARCH = YES;
				SWIFT_ACTIVE_COMPILATION_CONDITIONS = DEBUG;
				SWIFT_OPTIMIZATION_LEVEL = "-Onone";
			};
			name = Debug;
		};
		FA3A564726D9F44F00F9FE9A /* Release */ = {
			isa = XCBuildConfiguration;
			buildSettings = {
				ALWAYS_SEARCH_USER_PATHS = NO;
				CLANG_ANALYZER_NONNULL = YES;
				CLANG_ANALYZER_NUMBER_OBJECT_CONVERSION = YES_AGGRESSIVE;
				CLANG_CXX_LANGUAGE_STANDARD = "gnu++14";
				CLANG_CXX_LIBRARY = "libc++";
				CLANG_ENABLE_MODULES = YES;
				CLANG_ENABLE_OBJC_ARC = YES;
				CLANG_ENABLE_OBJC_WEAK = YES;
				CLANG_WARN_BLOCK_CAPTURE_AUTORELEASING = YES;
				CLANG_WARN_BOOL_CONVERSION = YES;
				CLANG_WARN_COMMA = YES;
				CLANG_WARN_CONSTANT_CONVERSION = YES;
				CLANG_WARN_DEPRECATED_OBJC_IMPLEMENTATIONS = YES;
				CLANG_WARN_DIRECT_OBJC_ISA_USAGE = YES_ERROR;
				CLANG_WARN_DOCUMENTATION_COMMENTS = YES;
				CLANG_WARN_EMPTY_BODY = YES;
				CLANG_WARN_ENUM_CONVERSION = YES;
				CLANG_WARN_INFINITE_RECURSION = YES;
				CLANG_WARN_INT_CONVERSION = YES;
				CLANG_WARN_NON_LITERAL_NULL_CONVERSION = YES;
				CLANG_WARN_OBJC_IMPLICIT_RETAIN_SELF = YES;
				CLANG_WARN_OBJC_LITERAL_CONVERSION = YES;
				CLANG_WARN_OBJC_ROOT_CLASS = YES_ERROR;
				CLANG_WARN_QUOTED_INCLUDE_IN_FRAMEWORK_HEADER = YES;
				CLANG_WARN_RANGE_LOOP_ANALYSIS = YES;
				CLANG_WARN_STRICT_PROTOTYPES = YES;
				CLANG_WARN_SUSPICIOUS_MOVE = YES;
				CLANG_WARN_UNGUARDED_AVAILABILITY = YES_AGGRESSIVE;
				CLANG_WARN_UNREACHABLE_CODE = YES;
				CLANG_WARN__DUPLICATE_METHOD_MATCH = YES;
				COPY_PHASE_STRIP = NO;
				DEBUG_INFORMATION_FORMAT = "dwarf-with-dsym";
				ENABLE_NS_ASSERTIONS = NO;
				ENABLE_STRICT_OBJC_MSGSEND = YES;
				GCC_C_LANGUAGE_STANDARD = gnu11;
				GCC_NO_COMMON_BLOCKS = YES;
				GCC_WARN_64_TO_32_BIT_CONVERSION = YES;
				GCC_WARN_ABOUT_RETURN_TYPE = YES_ERROR;
				GCC_WARN_UNDECLARED_SELECTOR = YES;
				GCC_WARN_UNINITIALIZED_AUTOS = YES_AGGRESSIVE;
				GCC_WARN_UNUSED_FUNCTION = YES;
				GCC_WARN_UNUSED_VARIABLE = YES;
				MTL_ENABLE_DEBUG_INFO = NO;
				MTL_FAST_MATH = YES;
				SWIFT_COMPILATION_MODE = wholemodule;
				SWIFT_OPTIMIZATION_LEVEL = "-O";
			};
			name = Release;
		};
		FA3A564926D9F44F00F9FE9A /* Debug */ = {
			isa = XCBuildConfiguration;
			buildSettings = {
				ASSETCATALOG_COMPILER_APPICON_NAME = AppIcon;
				ASSETCATALOG_COMPILER_GLOBAL_ACCENT_COLOR_NAME = AccentColor;
				CODE_SIGN_STYLE = Automatic;
				CURRENT_PROJECT_VERSION = 1;
				DEVELOPMENT_TEAM = X4S6MUZL2D;
				ENABLE_PREVIEWS = YES;
				GENERATE_INFOPLIST_FILE = YES;
				INFOPLIST_KEY_UIApplicationSceneManifest_Generation = YES;
				INFOPLIST_KEY_UIApplicationSupportsIndirectInputEvents = YES;
				INFOPLIST_KEY_UILaunchScreen_Generation = YES;
				INFOPLIST_KEY_UISupportedInterfaceOrientations_iPad = "UIInterfaceOrientationPortrait UIInterfaceOrientationPortraitUpsideDown UIInterfaceOrientationLandscapeLeft UIInterfaceOrientationLandscapeRight";
				INFOPLIST_KEY_UISupportedInterfaceOrientations_iPhone = "UIInterfaceOrientationPortrait UIInterfaceOrientationLandscapeLeft UIInterfaceOrientationLandscapeRight";
				IPHONEOS_DEPLOYMENT_TARGET = 14.0;
				LD_RUNPATH_SEARCH_PATHS = (
					"$(inherited)",
					"@executable_path/Frameworks",
				);
				MARKETING_VERSION = 1.0;
				PRODUCT_BUNDLE_IDENTIFIER = com.skorulis.Magic;
				PRODUCT_NAME = Magic;
				SDKROOT = iphoneos;
				SWIFT_EMIT_LOC_STRINGS = YES;
				SWIFT_VERSION = 5.0;
				TARGETED_DEVICE_FAMILY = "1,2";
			};
			name = Debug;
		};
		FA3A564A26D9F44F00F9FE9A /* Release */ = {
			isa = XCBuildConfiguration;
			buildSettings = {
				ASSETCATALOG_COMPILER_APPICON_NAME = AppIcon;
				ASSETCATALOG_COMPILER_GLOBAL_ACCENT_COLOR_NAME = AccentColor;
				CODE_SIGN_STYLE = Automatic;
				CURRENT_PROJECT_VERSION = 1;
				DEVELOPMENT_TEAM = X4S6MUZL2D;
				ENABLE_PREVIEWS = YES;
				GENERATE_INFOPLIST_FILE = YES;
				INFOPLIST_KEY_UIApplicationSceneManifest_Generation = YES;
				INFOPLIST_KEY_UIApplicationSupportsIndirectInputEvents = YES;
				INFOPLIST_KEY_UILaunchScreen_Generation = YES;
				INFOPLIST_KEY_UISupportedInterfaceOrientations_iPad = "UIInterfaceOrientationPortrait UIInterfaceOrientationPortraitUpsideDown UIInterfaceOrientationLandscapeLeft UIInterfaceOrientationLandscapeRight";
				INFOPLIST_KEY_UISupportedInterfaceOrientations_iPhone = "UIInterfaceOrientationPortrait UIInterfaceOrientationLandscapeLeft UIInterfaceOrientationLandscapeRight";
				IPHONEOS_DEPLOYMENT_TARGET = 14.0;
				LD_RUNPATH_SEARCH_PATHS = (
					"$(inherited)",
					"@executable_path/Frameworks",
				);
				MARKETING_VERSION = 1.0;
				PRODUCT_BUNDLE_IDENTIFIER = com.skorulis.Magic;
				PRODUCT_NAME = Magic;
				SDKROOT = iphoneos;
				SWIFT_EMIT_LOC_STRINGS = YES;
				SWIFT_VERSION = 5.0;
				TARGETED_DEVICE_FAMILY = "1,2";
				VALIDATE_PRODUCT = YES;
			};
			name = Release;
		};
		FA3A564C26D9F44F00F9FE9A /* Debug */ = {
			isa = XCBuildConfiguration;
			buildSettings = {
				ASSETCATALOG_COMPILER_APPICON_NAME = AppIcon;
				ASSETCATALOG_COMPILER_GLOBAL_ACCENT_COLOR_NAME = AccentColor;
				CODE_SIGN_ENTITLEMENTS = Configs/Magic.entitlements;
				CODE_SIGN_STYLE = Automatic;
				COMBINE_HIDPI_IMAGES = YES;
				CURRENT_PROJECT_VERSION = 1;
				DEVELOPMENT_TEAM = X4S6MUZL2D;
				ENABLE_APP_SANDBOX = YES;
				ENABLE_HARDENED_RUNTIME = YES;
				ENABLE_PREVIEWS = YES;
				ENABLE_USER_SELECTED_FILES = readonly;
				GENERATE_INFOPLIST_FILE = YES;
				INFOPLIST_FILE = "Configs/macOS-Info.plist";
				INFOPLIST_KEY_CFBundleExecutable = Magic;
				INFOPLIST_KEY_CFBundleName = Magic;
				INFOPLIST_KEY_CFBundleVersion = 1;
				INFOPLIST_KEY_NSHumanReadableCopyright = "";
				LD_RUNPATH_SEARCH_PATHS = (
					"$(inherited)",
					"@executable_path/../Frameworks",
				);
				MACOSX_DEPLOYMENT_TARGET = 11.0;
				MARKETING_VERSION = 1.0;
				PRODUCT_BUNDLE_IDENTIFIER = com.skorulis.Magic;
				PRODUCT_NAME = Magic;
				SDKROOT = macosx;
				SWIFT_EMIT_LOC_STRINGS = YES;
				SWIFT_VERSION = 5.0;
			};
			name = Debug;
		};
		FA3A564D26D9F44F00F9FE9A /* Release */ = {
			isa = XCBuildConfiguration;
			buildSettings = {
				ASSETCATALOG_COMPILER_APPICON_NAME = AppIcon;
				ASSETCATALOG_COMPILER_GLOBAL_ACCENT_COLOR_NAME = AccentColor;
				CODE_SIGN_ENTITLEMENTS = Configs/Magic.entitlements;
				CODE_SIGN_STYLE = Automatic;
				COMBINE_HIDPI_IMAGES = YES;
				CURRENT_PROJECT_VERSION = 1;
				DEVELOPMENT_TEAM = X4S6MUZL2D;
				ENABLE_APP_SANDBOX = YES;
				ENABLE_HARDENED_RUNTIME = YES;
				ENABLE_PREVIEWS = YES;
				ENABLE_USER_SELECTED_FILES = readonly;
				GENERATE_INFOPLIST_FILE = YES;
				INFOPLIST_FILE = "Configs/macOS-Info.plist";
				INFOPLIST_KEY_CFBundleExecutable = Magic;
				INFOPLIST_KEY_CFBundleName = Magic;
				INFOPLIST_KEY_CFBundleVersion = 1;
				INFOPLIST_KEY_NSHumanReadableCopyright = "";
				LD_RUNPATH_SEARCH_PATHS = (
					"$(inherited)",
					"@executable_path/../Frameworks",
				);
				MACOSX_DEPLOYMENT_TARGET = 11.0;
				MARKETING_VERSION = 1.0;
				PRODUCT_BUNDLE_IDENTIFIER = com.skorulis.Magic;
				PRODUCT_NAME = Magic;
				SDKROOT = macosx;
				SWIFT_EMIT_LOC_STRINGS = YES;
				SWIFT_VERSION = 5.0;
			};
			name = Release;
		};
/* End XCBuildConfiguration section */

/* Begin XCConfigurationList section */
		FA3A562926D9F44C00F9FE9A /* Build configuration list for PBXProject "Magic" */ = {
			isa = XCConfigurationList;
			buildConfigurations = (
				FA3A564626D9F44F00F9FE9A /* Debug */,
				FA3A564726D9F44F00F9FE9A /* Release */,
			);
			defaultConfigurationIsVisible = 0;
			defaultConfigurationName = Release;
		};
		FA3A564826D9F44F00F9FE9A /* Build configuration list for PBXNativeTarget "Magic (iOS)" */ = {
			isa = XCConfigurationList;
			buildConfigurations = (
				FA3A564926D9F44F00F9FE9A /* Debug */,
				FA3A564A26D9F44F00F9FE9A /* Release */,
			);
			defaultConfigurationIsVisible = 0;
			defaultConfigurationName = Release;
		};
		FA3A564B26D9F44F00F9FE9A /* Build configuration list for PBXNativeTarget "Magic (macOS)" */ = {
			isa = XCConfigurationList;
			buildConfigurations = (
				FA3A564C26D9F44F00F9FE9A /* Debug */,
				FA3A564D26D9F44F00F9FE9A /* Release */,
			);
			defaultConfigurationIsVisible = 0;
			defaultConfigurationName = Release;
		};
/* End XCConfigurationList section */

/* Begin XCRemoteSwiftPackageReference section */
		FA3A568726D9FC6100F9FE9A /* XCRemoteSwiftPackageReference "SwinjectAutoregistration" */ = {
			isa = XCRemoteSwiftPackageReference;
			repositoryURL = "https://github.com/Swinject/SwinjectAutoregistration";
			requirement = {
				kind = upToNextMajorVersion;
				minimumVersion = 2.7.0;
			};
		};
/* End XCRemoteSwiftPackageReference section */

/* Begin XCSwiftPackageProductDependency section */
		FA3A568926D9FCD500F9FE9A /* SwinjectAutoregistration */ = {
			isa = XCSwiftPackageProductDependency;
			package = FA3A568726D9FC6100F9FE9A /* XCRemoteSwiftPackageReference "SwinjectAutoregistration" */;
			productName = SwinjectAutoregistration;
		};
		FA3A568B26D9FCD800F9FE9A /* SwinjectAutoregistration */ = {
			isa = XCSwiftPackageProductDependency;
			package = FA3A568726D9FC6100F9FE9A /* XCRemoteSwiftPackageReference "SwinjectAutoregistration" */;
			productName = SwinjectAutoregistration;
		};
/* End XCSwiftPackageProductDependency section */

/* Begin XCVersionGroup section */
		FAEE44DB26DB22E600FCF0AC /* Magic.xcdatamodeld */ = {
			isa = XCVersionGroup;
			children = (
				FAEE44DC26DB22E600FCF0AC /* Shared.xcdatamodel */,
			);
			currentVersion = FAEE44DC26DB22E600FCF0AC /* Shared.xcdatamodel */;
			path = Magic.xcdatamodeld;
			sourceTree = "<group>";
			versionGroupType = wrapper.xcdatamodel;
		};
/* End XCVersionGroup section */
	};
	rootObject = FA3A562626D9F44C00F9FE9A /* Project object */;
}
